// !$*UTF8*$!
{
	archiveVersion = 1;
	classes = {
	};
	objectVersion = 56;
	objects = {

/* Begin PBXBuildFile section */
		B13DD7452B466E1F001D7DE7 /* ActivityRoutineViewController.swift in Sources */ = {isa = PBXBuildFile; fileRef = B13DD7442B466E1F001D7DE7 /* ActivityRoutineViewController.swift */; };
		B1BD8DCE2B453E11005C33AD /* AppDelegate.swift in Sources */ = {isa = PBXBuildFile; fileRef = B1BD8DCD2B453E11005C33AD /* AppDelegate.swift */; };
		B1BD8DD02B453E11005C33AD /* SceneDelegate.swift in Sources */ = {isa = PBXBuildFile; fileRef = B1BD8DCF2B453E11005C33AD /* SceneDelegate.swift */; };
		B1BD8DD22B453E11005C33AD /* ViewController.swift in Sources */ = {isa = PBXBuildFile; fileRef = B1BD8DD12B453E11005C33AD /* ViewController.swift */; };
		B1BD8DD52B453E11005C33AD /* Main.storyboard in Resources */ = {isa = PBXBuildFile; fileRef = B1BD8DD32B453E11005C33AD /* Main.storyboard */; };
		B1BD8DD72B453E12005C33AD /* Assets.xcassets in Resources */ = {isa = PBXBuildFile; fileRef = B1BD8DD62B453E12005C33AD /* Assets.xcassets */; };
		B1BD8DDA2B453E12005C33AD /* LaunchScreen.storyboard in Resources */ = {isa = PBXBuildFile; fileRef = B1BD8DD82B453E12005C33AD /* LaunchScreen.storyboard */; };
		B1BD8DE22B454B88005C33AD /* MustDoGoalsViewController.swift in Sources */ = {isa = PBXBuildFile; fileRef = B1BD8DE12B454B88005C33AD /* MustDoGoalsViewController.swift */; };
/* End PBXBuildFile section */

/* Begin PBXFileReference section */
		B13DD7442B466E1F001D7DE7 /* ActivityRoutineViewController.swift */ = {isa = PBXFileReference; lastKnownFileType = sourcecode.swift; path = ActivityRoutineViewController.swift; sourceTree = "<group>"; };
		B1BD8DCA2B453E11005C33AD /* LevelAssignment.app */ = {isa = PBXFileReference; explicitFileType = wrapper.application; includeInIndex = 0; path = LevelAssignment.app; sourceTree = BUILT_PRODUCTS_DIR; };
		B1BD8DCD2B453E11005C33AD /* AppDelegate.swift */ = {isa = PBXFileReference; lastKnownFileType = sourcecode.swift; path = AppDelegate.swift; sourceTree = "<group>"; };
		B1BD8DCF2B453E11005C33AD /* SceneDelegate.swift */ = {isa = PBXFileReference; lastKnownFileType = sourcecode.swift; path = SceneDelegate.swift; sourceTree = "<group>"; };
		B1BD8DD12B453E11005C33AD /* ViewController.swift */ = {isa = PBXFileReference; lastKnownFileType = sourcecode.swift; path = ViewController.swift; sourceTree = "<group>"; };
		B1BD8DD42B453E11005C33AD /* Base */ = {isa = PBXFileReference; lastKnownFileType = file.storyboard; name = Base; path = Base.lproj/Main.storyboard; sourceTree = "<group>"; };
		B1BD8DD62B453E12005C33AD /* Assets.xcassets */ = {isa = PBXFileReference; lastKnownFileType = folder.assetcatalog; path = Assets.xcassets; sourceTree = "<group>"; };
		B1BD8DD92B453E12005C33AD /* Base */ = {isa = PBXFileReference; lastKnownFileType = file.storyboard; name = Base; path = Base.lproj/LaunchScreen.storyboard; sourceTree = "<group>"; };
		B1BD8DDB2B453E12005C33AD /* Info.plist */ = {isa = PBXFileReference; lastKnownFileType = text.plist.xml; path = Info.plist; sourceTree = "<group>"; };
		B1BD8DE12B454B88005C33AD /* MustDoGoalsViewController.swift */ = {isa = PBXFileReference; lastKnownFileType = sourcecode.swift; path = MustDoGoalsViewController.swift; sourceTree = "<group>"; };
/* End PBXFileReference section */

/* Begin PBXFrameworksBuildPhase section */
		B1BD8DC72B453E10005C33AD /* Frameworks */ = {
			isa = PBXFrameworksBuildPhase;
			buildActionMask = 2147483647;
			files = (
			);
			runOnlyForDeploymentPostprocessing = 0;
		};
/* End PBXFrameworksBuildPhase section */

/* Begin PBXGroup section */
		B1BD8DC12B453E10005C33AD = {
			isa = PBXGroup;
			children = (
				B1BD8DCC2B453E11005C33AD /* LevelAssignment */,
				B1BD8DCB2B453E11005C33AD /* Products */,
			);
			sourceTree = "<group>";
		};
		B1BD8DCB2B453E11005C33AD /* Products */ = {
			isa = PBXGroup;
			children = (
				B1BD8DCA2B453E11005C33AD /* LevelAssignment.app */,
			);
			name = Products;
			sourceTree = "<group>";
		};
		B1BD8DCC2B453E11005C33AD /* LevelAssignment */ = {
			isa = PBXGroup;
			children = (
				B1BD8DCD2B453E11005C33AD /* AppDelegate.swift */,
				B1BD8DCF2B453E11005C33AD /* SceneDelegate.swift */,
				B1BD8DD12B453E11005C33AD /* ViewController.swift */,
				B1BD8DE12B454B88005C33AD /* MustDoGoalsViewController.swift */,
				B13DD7442B466E1F001D7DE7 /* ActivityRoutineViewController.swift */,
				B1BD8DD32B453E11005C33AD /* Main.storyboard */,
				B1BD8DD62B453E12005C33AD /* Assets.xcassets */,
				B1BD8DD82B453E12005C33AD /* LaunchScreen.storyboard */,
				B1BD8DDB2B453E12005C33AD /* Info.plist */,
			);
			path = LevelAssignment;
			sourceTree = "<group>";
		};
/* End PBXGroup section */

/* Begin PBXNativeTarget section */
		B1BD8DC92B453E10005C33AD /* LevelAssignment */ = {
			isa = PBXNativeTarget;
			buildConfigurationList = B1BD8DDE2B453E12005C33AD /* Build configuration list for PBXNativeTarget "LevelAssignment" */;
			buildPhases = (
				B1BD8DC62B453E10005C33AD /* Sources */,
				B1BD8DC72B453E10005C33AD /* Frameworks */,
				B1BD8DC82B453E10005C33AD /* Resources */,
			);
			buildRules = (
			);
			dependencies = (
			);
			name = LevelAssignment;
			productName = LevelAssignment;
			productReference = B1BD8DCA2B453E11005C33AD /* LevelAssignment.app */;
			productType = "com.apple.product-type.application";
		};
/* End PBXNativeTarget section */

/* Begin PBXProject section */
		B1BD8DC22B453E10005C33AD /* Project object */ = {
			isa = PBXProject;
			attributes = {
				BuildIndependentTargetsInParallel = 1;
				LastSwiftUpdateCheck = 1420;
				LastUpgradeCheck = 1420;
				TargetAttributes = {
					B1BD8DC92B453E10005C33AD = {
						CreatedOnToolsVersion = 14.2;
					};
				};
			};
			buildConfigurationList = B1BD8DC52B453E10005C33AD /* Build configuration list for PBXProject "LevelAssignment" */;
			compatibilityVersion = "Xcode 14.0";
			developmentRegion = en;
			hasScannedForEncodings = 0;
			knownRegions = (
				en,
				Base,
			);
			mainGroup = B1BD8DC12B453E10005C33AD;
			productRefGroup = B1BD8DCB2B453E11005C33AD /* Products */;
			projectDirPath = "";
			projectRoot = "";
			targets = (
				B1BD8DC92B453E10005C33AD /* LevelAssignment */,
			);
		};
/* End PBXProject section */

/* Begin PBXResourcesBuildPhase section */
		B1BD8DC82B453E10005C33AD /* Resources */ = {
			isa = PBXResourcesBuildPhase;
			buildActionMask = 2147483647;
			files = (
				B1BD8DDA2B453E12005C33AD /* LaunchScreen.storyboard in Resources */,
				B1BD8DD72B453E12005C33AD /* Assets.xcassets in Resources */,
				B1BD8DD52B453E11005C33AD /* Main.storyboard in Resources */,
			);
			runOnlyForDeploymentPostprocessing = 0;
		};
/* End PBXResourcesBuildPhase section */

/* Begin PBXSourcesBuildPhase section */
		B1BD8DC62B453E10005C33AD /* Sources */ = {
			isa = PBXSourcesBuildPhase;
			buildActionMask = 2147483647;
			files = (
				B1BD8DD22B453E11005C33AD /* ViewController.swift in Sources */,
				B1BD8DCE2B453E11005C33AD /* AppDelegate.swift in Sources */,
				B1BD8DD02B453E11005C33AD /* SceneDelegate.swift in Sources */,
				B1BD8DE22B454B88005C33AD /* MustDoGoalsViewController.swift in Sources */,
				B13DD7452B466E1F001D7DE7 /* ActivityRoutineViewController.swift in Sources */,
			);
			runOnlyForDeploymentPostprocessing = 0;
		};
/* End PBXSourcesBuildPhase section */

/* Begin PBXVariantGroup section */
		B1BD8DD32B453E11005C33AD /* Main.storyboard */ = {
			isa = PBXVariantGroup;
			children = (
				B1BD8DD42B453E11005C33AD /* Base */,
			);
			name = Main.storyboard;
			sourceTree = "<group>";
		};
		B1BD8DD82B453E12005C33AD /* LaunchScreen.storyboard */ = {
			isa = PBXVariantGroup;
			children = (
				B1BD8DD92B453E12005C33AD /* Base */,
			);
			name = LaunchScreen.storyboard;
			sourceTree = "<group>";
		};
/* End PBXVariantGroup section */

/* Begin XCBuildConfiguration section */
		B1BD8DDC2B453E12005C33AD /* Debug */ = {
			isa = XCBuildConfiguration;
			buildSettings = {
				ALWAYS_SEARCH_USER_PATHS = NO;
				CLANG_ANALYZER_NONNULL = YES;
				CLANG_ANALYZER_NUMBER_OBJECT_CONVERSION = YES_AGGRESSIVE;
				CLANG_CXX_LANGUAGE_STANDARD = "gnu++20";
				CLANG_ENABLE_MODULES = YES;
				CLANG_ENABLE_OBJC_ARC = YES;
				CLANG_ENABLE_OBJC_WEAK = YES;
				CLANG_WARN_BLOCK_CAPTURE_AUTORELEASING = YES;
				CLANG_WARN_BOOL_CONVERSION = YES;
				CLANG_WARN_COMMA = YES;
				CLANG_WARN_CONSTANT_CONVERSION = YES;
				CLANG_WARN_DEPRECATED_OBJC_IMPLEMENTATIONS = YES;
				CLANG_WARN_DIRECT_OBJC_ISA_USAGE = YES_ERROR;
				CLANG_WARN_DOCUMENTATION_COMMENTS = YES;
				CLANG_WARN_EMPTY_BODY = YES;
				CLANG_WARN_ENUM_CONVERSION = YES;
				CLANG_WARN_INFINITE_RECURSION = YES;
				CLANG_WARN_INT_CONVERSION = YES;
				CLANG_WARN_NON_LITERAL_NULL_CONVERSION = YES;
				CLANG_WARN_OBJC_IMPLICIT_RETAIN_SELF = YES;
				CLANG_WARN_OBJC_LITERAL_CONVERSION = YES;
				CLANG_WARN_OBJC_ROOT_CLASS = YES_ERROR;
				CLANG_WARN_QUOTED_INCLUDE_IN_FRAMEWORK_HEADER = YES;
				CLANG_WARN_RANGE_LOOP_ANALYSIS = YES;
				CLANG_WARN_STRICT_PROTOTYPES = YES;
				CLANG_WARN_SUSPICIOUS_MOVE = YES;
				CLANG_WARN_UNGUARDED_AVAILABILITY = YES_AGGRESSIVE;
				CLANG_WARN_UNREACHABLE_CODE = YES;
				CLANG_WARN__DUPLICATE_METHOD_MATCH = YES;
				COPY_PHASE_STRIP = NO;
				DEBUG_INFORMATION_FORMAT = dwarf;
				ENABLE_STRICT_OBJC_MSGSEND = YES;
				ENABLE_TESTABILITY = YES;
				GCC_C_LANGUAGE_STANDARD = gnu11;
				GCC_DYNAMIC_NO_PIC = NO;
				GCC_NO_COMMON_BLOCKS = YES;
				GCC_OPTIMIZATION_LEVEL = 0;
				GCC_PREPROCESSOR_DEFINITIONS = (
					"DEBUG=1",
					"$(inherited)",
				);
				GCC_WARN_64_TO_32_BIT_CONVERSION = YES;
				GCC_WARN_ABOUT_RETURN_TYPE = YES_ERROR;
				GCC_WARN_UNDECLARED_SELECTOR = YES;
				GCC_WARN_UNINITIALIZED_AUTOS = YES_AGGRESSIVE;
				GCC_WARN_UNUSED_FUNCTION = YES;
				GCC_WARN_UNUSED_VARIABLE = YES;
				IPHONEOS_DEPLOYMENT_TARGET = 16.2;
				MTL_ENABLE_DEBUG_INFO = INCLUDE_SOURCE;
				MTL_FAST_MATH = YES;
				ONLY_ACTIVE_ARCH = YES;
				SDKROOT = iphoneos;
				SWIFT_ACTIVE_COMPILATION_CONDITIONS = DEBUG;
				SWIFT_OPTIMIZATION_LEVEL = "-Onone";
			};
			name = Debug;
		};
		B1BD8DDD2B453E12005C33AD /* Release */ = {
			isa = XCBuildConfiguration;
			buildSettings = {
				ALWAYS_SEARCH_USER_PATHS = NO;
				CLANG_ANALYZER_NONNULL = YES;
				CLANG_ANALYZER_NUMBER_OBJECT_CONVERSION = YES_AGGRESSIVE;
				CLANG_CXX_LANGUAGE_STANDARD = "gnu++20";
				CLANG_ENABLE_MODULES = YES;
				CLANG_ENABLE_OBJC_ARC = YES;
				CLANG_ENABLE_OBJC_WEAK = YES;
				CLANG_WARN_BLOCK_CAPTURE_AUTORELEASING = YES;
				CLANG_WARN_BOOL_CONVERSION = YES;
				CLANG_WARN_COMMA = YES;
				CLANG_WARN_CONSTANT_CONVERSION = YES;
				CLANG_WARN_DEPRECATED_OBJC_IMPLEMENTATIONS = YES;
				CLANG_WARN_DIRECT_OBJC_ISA_USAGE = YES_ERROR;
				CLANG_WARN_DOCUMENTATION_COMMENTS = YES;
				CLANG_WARN_EMPTY_BODY = YES;
				CLANG_WARN_ENUM_CONVERSION = YES;
				CLANG_WARN_INFINITE_RECURSION = YES;
				CLANG_WARN_INT_CONVERSION = YES;
				CLANG_WARN_NON_LITERAL_NULL_CONVERSION = YES;
				CLANG_WARN_OBJC_IMPLICIT_RETAIN_SELF = YES;
				CLANG_WARN_OBJC_LITERAL_CONVERSION = YES;
				CLANG_WARN_OBJC_ROOT_CLASS = YES_ERROR;
				CLANG_WARN_QUOTED_INCLUDE_IN_FRAMEWORK_HEADER = YES;
				CLANG_WARN_RANGE_LOOP_ANALYSIS = YES;
				CLANG_WARN_STRICT_PROTOTYPES = YES;
				CLANG_WARN_SUSPICIOUS_MOVE = YES;
				CLANG_WARN_UNGUARDED_AVAILABILITY = YES_AGGRESSIVE;
				CLANG_WARN_UNREACHABLE_CODE = YES;
				CLANG_WARN__DUPLICATE_METHOD_MATCH = YES;
				COPY_PHASE_STRIP = NO;
				DEBUG_INFORMATION_FORMAT = "dwarf-with-dsym";
				ENABLE_NS_ASSERTIONS = NO;
				ENABLE_STRICT_OBJC_MSGSEND = YES;
				GCC_C_LANGUAGE_STANDARD = gnu11;
				GCC_NO_COMMON_BLOCKS = YES;
				GCC_WARN_64_TO_32_BIT_CONVERSION = YES;
				GCC_WARN_ABOUT_RETURN_TYPE = YES_ERROR;
				GCC_WARN_UNDECLARED_SELECTOR = YES;
				GCC_WARN_UNINITIALIZED_AUTOS = YES_AGGRESSIVE;
				GCC_WARN_UNUSED_FUNCTION = YES;
				GCC_WARN_UNUSED_VARIABLE = YES;
				IPHONEOS_DEPLOYMENT_TARGET = 16.2;
				MTL_ENABLE_DEBUG_INFO = NO;
				MTL_FAST_MATH = YES;
				SDKROOT = iphoneos;
				SWIFT_COMPILATION_MODE = wholemodule;
				SWIFT_OPTIMIZATION_LEVEL = "-O";
				VALIDATE_PRODUCT = YES;
			};
			name = Release;
		};
		B1BD8DDF2B453E12005C33AD /* Debug */ = {
			isa = XCBuildConfiguration;
			buildSettings = {
				ASSETCATALOG_COMPILER_APPICON_NAME = AppIcon;
				ASSETCATALOG_COMPILER_GLOBAL_ACCENT_COLOR_NAME = AccentColor;
				CODE_SIGN_STYLE = Automatic;
				CURRENT_PROJECT_VERSION = 1;
				GENERATE_INFOPLIST_FILE = YES;
				INFOPLIST_FILE = LevelAssignment/Info.plist;
				INFOPLIST_KEY_UIApplicationSupportsIndirectInputEvents = YES;
				INFOPLIST_KEY_UILaunchStoryboardName = LaunchScreen;
				INFOPLIST_KEY_UIMainStoryboardFile = Main;
				INFOPLIST_KEY_UISupportedInterfaceOrientations_iPad = "UIInterfaceOrientationPortrait UIInterfaceOrientationPortraitUpsideDown UIInterfaceOrientationLandscapeLeft UIInterfaceOrientationLandscapeRight";
				INFOPLIST_KEY_UISupportedInterfaceOrientations_iPhone = "UIInterfaceOrientationPortrait UIInterfaceOrientationLandscapeLeft UIInterfaceOrientationLandscapeRight";
				LD_RUNPATH_SEARCH_PATHS = (
					"$(inherited)",
					"@executable_path/Frameworks",
				);
				MARKETING_VERSION = 1.0;
				PRODUCT_BUNDLE_IDENTIFIER = com.mobitrail.LevelAssignment;
				PRODUCT_NAME = "$(TARGET_NAME)";
				SWIFT_EMIT_LOC_STRINGS = YES;
				SWIFT_VERSION = 5.0;
				TARGETED_DEVICE_FAMILY = "1,2";
			};
			name = Debug;
		};
		B1BD8DE02B453E12005C33AD /* Release */ = {
			isa = XCBuildConfiguration;
			buildSettings = {
				ASSETCATALOG_COMPILER_APPICON_NAME = AppIcon;
				ASSETCATALOG_COMPILER_GLOBAL_ACCENT_COLOR_NAME = AccentColor;
				CODE_SIGN_STYLE = Automatic;
				CURRENT_PROJECT_VERSION = 1;
				GENERATE_INFOPLIST_FILE = YES;
				INFOPLIST_FILE = LevelAssignment/Info.plist;
				INFOPLIST_KEY_UIApplicationSupportsIndirectInputEvents = YES;
				INFOPLIST_KEY_UILaunchStoryboardName = LaunchScreen;
				INFOPLIST_KEY_UIMainStoryboardFile = Main;
				INFOPLIST_KEY_UISupportedInterfaceOrientations_iPad = "UIInterfaceOrientationPortrait UIInterfaceOrientationPortraitUpsideDown UIInterfaceOrientationLandscapeLeft UIInterfaceOrientationLandscapeRight";
				INFOPLIST_KEY_UISupportedInterfaceOrientations_iPhone = "UIInterfaceOrientationPortrait UIInterfaceOrientationLandscapeLeft UIInterfaceOrientationLandscapeRight";
				LD_RUNPATH_SEARCH_PATHS = (
					"$(inherited)",
					"@executable_path/Frameworks",
				);
				MARKETING_VERSION = 1.0;
				PRODUCT_BUNDLE_IDENTIFIER = com.mobitrail.LevelAssignment;
				PRODUCT_NAME = "$(TARGET_NAME)";
				SWIFT_EMIT_LOC_STRINGS = YES;
				SWIFT_VERSION = 5.0;
				TARGETED_DEVICE_FAMILY = "1,2";
			};
			name = Release;
		};
/* End XCBuildConfiguration section */

/* Begin XCConfigurationList section */
		B1BD8DC52B453E10005C33AD /* Build configuration list for PBXProject "LevelAssignment" */ = {
			isa = XCConfigurationList;
			buildConfigurations = (
				B1BD8DDC2B453E12005C33AD /* Debug */,
				B1BD8DDD2B453E12005C33AD /* Release */,
			);
			defaultConfigurationIsVisible = 0;
			defaultConfigurationName = Release;
		};
		B1BD8DDE2B453E12005C33AD /* Build configuration list for PBXNativeTarget "LevelAssignment" */ = {
			isa = XCConfigurationList;
			buildConfigurations = (
				B1BD8DDF2B453E12005C33AD /* Debug */,
				B1BD8DE02B453E12005C33AD /* Release */,
			);
			defaultConfigurationIsVisible = 0;
			defaultConfigurationName = Release;
		};
/* End XCConfigurationList section */
	};
	rootObject = B1BD8DC22B453E10005C33AD /* Project object */;
}
